
Microsoft Visual Studio Solution File, Format Version 12.00
# Visual Studio Version 16
VisualStudioVersion = 16.0.29926.136
MinimumVisualStudioVersion = 10.0.40219.1
Project("{FAE04EC0-301F-11D3-BF4B-00C04F79EFBC}") = "App", "App\App.csproj", "{6AE5796A-8E11-49B4-9A3B-93D9CE5DFADA}"
EndProject
Global
	GlobalSection(SolutionConfigurationPlatforms) = preSolution
		Debug|Any CPU = Debug|Any CPU
		Release|Any CPU = Release|Any CPU
	EndGlobalSection
	GlobalSection(ProjectConfigurationPlatforms) = postSolution
		{6AE5796A-8E11-49B4-9A3B-93D9CE5DFADA}.Debug|Any CPU.ActiveCfg = Debug|Any CPU
		{6AE5796A-8E11-49B4-9A3B-93D9CE5DFADA}.Debug|Any CPU.Build.0 = Debug|Any CPU
		{6AE5796A-8E11-49B4-9A3B-93D9CE5DFADA}.Release|Any CPU.ActiveCfg = Release|Any CPU
		{6AE5796A-8E11-49B4-9A3B-93D9CE5DFADA}.Release|Any CPU.Build.0 = Release|Any CPU
	EndGlobalSection
	GlobalSection(SolutionProperties) = preSolution
		HideSolutionNode = FALSE
	EndGlobalSection
	GlobalSection(ExtensibilityGlobals) = postSolution
		SolutionGuid = {DF7232D0-4739-4D62-A722-5DF5126BA84B}
	EndGlobalSection
EndGlobal
